
Microsoft Visual Studio Solution File, Format Version 12.00
# Visual Studio 15
Project("{FAE04EC0-301F-11D3-BF4B-00C04F79EFBC}") = "Unity.XR.Interaction.Toolkit.Samples.StarterAssets", "Unity.XR.Interaction.Toolkit.Samples.StarterAssets.csproj", "{CE6CB4AA-248A-555E-2326-EC98103D5E62}"
EndProject
Project("{FAE04EC0-301F-11D3-BF4B-00C04F79EFBC}") = "Assembly-CSharp", "Assembly-CSharp.csproj", "{03314413-EDA3-7954-3742-2A4BE0099FD4}"
EndProject
Project("{FAE04EC0-301F-11D3-BF4B-00C04F79EFBC}") = "Unity.XR.Interaction.Toolkit.Samples.StarterAssets.Editor", "Unity.XR.Interaction.Toolkit.Samples.StarterAssets.Editor.csproj", "{2EEDF3D0-8071-EC04-F566-FEA1ACD0DE03}"
EndProject
Project("{FAE04EC0-301F-11D3-BF4B-00C04F79EFBC}") = "Unity.XR.Hands.Samples.VisualizerSample", "Unity.XR.Hands.Samples.VisualizerSample.csproj", "{9E28D61E-9DBC-D3E5-664A-E455570233D5}"
EndProject
Global
	GlobalSection(SolutionConfigurationPlatforms) = preSolution
		Debug|Any CPU = Debug|Any CPU
		Release|Any CPU = Release|Any CPU
	EndGlobalSection
	GlobalSection(ProjectConfigurationPlatforms) = postSolution
		{CE6CB4AA-248A-555E-2326-EC98103D5E62}.Debug|Any CPU.ActiveCfg = Debug|Any CPU
		{CE6CB4AA-248A-555E-2326-EC98103D5E62}.Debug|Any CPU.Build.0 = Debug|Any CPU
		{CE6CB4AA-248A-555E-2326-EC98103D5E62}.Release|Any CPU.ActiveCfg = Release|Any CPU
		{CE6CB4AA-248A-555E-2326-EC98103D5E62}.Release|Any CPU.Build.0 = Release|Any CPU
		{03314413-EDA3-7954-3742-2A4BE0099FD4}.Debug|Any CPU.ActiveCfg = Debug|Any CPU
		{03314413-EDA3-7954-3742-2A4BE0099FD4}.Debug|Any CPU.Build.0 = Debug|Any CPU
		{03314413-EDA3-7954-3742-2A4BE0099FD4}.Release|Any CPU.ActiveCfg = Release|Any CPU
		{03314413-EDA3-7954-3742-2A4BE0099FD4}.Release|Any CPU.Build.0 = Release|Any CPU
		{2EEDF3D0-8071-EC04-F566-FEA1ACD0DE03}.Debug|Any CPU.ActiveCfg = Debug|Any CPU
		{2EEDF3D0-8071-EC04-F566-FEA1ACD0DE03}.Debug|Any CPU.Build.0 = Debug|Any CPU
		{2EEDF3D0-8071-EC04-F566-FEA1ACD0DE03}.Release|Any CPU.ActiveCfg = Release|Any CPU
		{2EEDF3D0-8071-EC04-F566-FEA1ACD0DE03}.Release|Any CPU.Build.0 = Release|Any CPU
		{9E28D61E-9DBC-D3E5-664A-E455570233D5}.Debug|Any CPU.ActiveCfg = Debug|Any CPU
		{9E28D61E-9DBC-D3E5-664A-E455570233D5}.Debug|Any CPU.Build.0 = Debug|Any CPU
		{9E28D61E-9DBC-D3E5-664A-E455570233D5}.Release|Any CPU.ActiveCfg = Release|Any CPU
		{9E28D61E-9DBC-D3E5-664A-E455570233D5}.Release|Any CPU.Build.0 = Release|Any CPU
	EndGlobalSection
	GlobalSection(SolutionProperties) = preSolution
		HideSolutionNode = FALSE
	EndGlobalSection
EndGlobal
